// !$*UTF8*$!
{
	archiveVersion = 1;
	classes = {
	};
	objectVersion = 46;
	objects = {

/* Begin PBXBuildFile section */
		2C5617DB1C64D6C300EA463C /* AVFoundation.framework in Frameworks */ = {isa = PBXBuildFile; fileRef = 2C5617DA1C64D6C300EA463C /* AVFoundation.framework */; };
		2CA06B0F1C4A8E8C00383AC9 /* tele2.png in Resources */ = {isa = PBXBuildFile; fileRef = 2CA06B0A1C4A8E8C00383AC9 /* tele2.png */; };
		2CA06B101C4A8E8C00383AC9 /* mts.png in Resources */ = {isa = PBXBuildFile; fileRef = 2CA06B0B1C4A8E8C00383AC9 /* mts.png */; };
		2CA06B111C4A8E8C00383AC9 /* megafon.png in Resources */ = {isa = PBXBuildFile; fileRef = 2CA06B0C1C4A8E8C00383AC9 /* megafon.png */; };
		2CA06B121C4A8E8C00383AC9 /* beeline.png in Resources */ = {isa = PBXBuildFile; fileRef = 2CA06B0D1C4A8E8C00383AC9 /* beeline.png */; };
		2CA06B131C4A8E8C00383AC9 /* unknown.png in Resources */ = {isa = PBXBuildFile; fileRef = 2CA06B0E1C4A8E8C00383AC9 /* unknown.png */; };
		2CDDC6301C9D61F600BFC7D2 /* STTTAgentBarcodeType.m in Sources */ = {isa = PBXBuildFile; fileRef = 2CDDC5FF1C9D61F600BFC7D2 /* STTTAgentBarcodeType.m */; };
		2CDDC6311C9D61F600BFC7D2 /* STTTAgentBarcodeType+CoreDataProperties.m in Sources */ = {isa = PBXBuildFile; fileRef = 2CDDC6011C9D61F600BFC7D2 /* STTTAgentBarcodeType+CoreDataProperties.m */; };
		2CDDC6321C9D61F600BFC7D2 /* STTTAgentComponent.m in Sources */ = {isa = PBXBuildFile; fileRef = 2CDDC6031C9D61F600BFC7D2 /* STTTAgentComponent.m */; };
		2CDDC6331C9D61F600BFC7D2 /* STTTAgentComponent+CoreDataProperties.m in Sources */ = {isa = PBXBuildFile; fileRef = 2CDDC6051C9D61F600BFC7D2 /* STTTAgentComponent+CoreDataProperties.m */; };
		2CDDC6341C9D61F600BFC7D2 /* STTTAgentComponentGroup.m in Sources */ = {isa = PBXBuildFile; fileRef = 2CDDC6071C9D61F600BFC7D2 /* STTTAgentComponentGroup.m */; };
		2CDDC6351C9D61F600BFC7D2 /* STTTAgentComponentGroup+CoreDataProperties.m in Sources */ = {isa = PBXBuildFile; fileRef = 2CDDC6091C9D61F600BFC7D2 /* STTTAgentComponentGroup+CoreDataProperties.m */; };
		2CDDC6361C9D61F600BFC7D2 /* STTTAgentDefectCode.m in Sources */ = {isa = PBXBuildFile; fileRef = 2CDDC60B1C9D61F600BFC7D2 /* STTTAgentDefectCode.m */; };
		2CDDC6371C9D61F600BFC7D2 /* STTTAgentRepairCode.m in Sources */ = {isa = PBXBuildFile; fileRef = 2CDDC60D1C9D61F600BFC7D2 /* STTTAgentRepairCode.m */; };
		2CDDC6381C9D61F600BFC7D2 /* STTTAgentTask.m in Sources */ = {isa = PBXBuildFile; fileRef = 2CDDC60F1C9D61F600BFC7D2 /* STTTAgentTask.m */; };
		2CDDC6391C9D61F600BFC7D2 /* STTTAgentTask+CoreDataProperties.m in Sources */ = {isa = PBXBuildFile; fileRef = 2CDDC6111C9D61F600BFC7D2 /* STTTAgentTask+CoreDataProperties.m */; };
		2CDDC63A1C9D61F600BFC7D2 /* STTTAgentTaskComponent.m in Sources */ = {isa = PBXBuildFile; fileRef = 2CDDC6131C9D61F600BFC7D2 /* STTTAgentTaskComponent.m */; };
		2CDDC63B1C9D61F600BFC7D2 /* STTTAgentTaskComponent+CoreDataProperties.m in Sources */ = {isa = PBXBuildFile; fileRef = 2CDDC6151C9D61F600BFC7D2 /* STTTAgentTaskComponent+CoreDataProperties.m */; };
		2CDDC63C1C9D61F600BFC7D2 /* STTTAgentTaskDefect.m in Sources */ = {isa = PBXBuildFile; fileRef = 2CDDC6171C9D61F600BFC7D2 /* STTTAgentTaskDefect.m */; };
		2CDDC63D1C9D61F600BFC7D2 /* STTTAgentTaskRepair.m in Sources */ = {isa = PBXBuildFile; fileRef = 2CDDC6191C9D61F600BFC7D2 /* STTTAgentTaskRepair.m */; };
		2CDDC63E1C9D61F600BFC7D2 /* STTTAgentTerminal.m in Sources */ = {isa = PBXBuildFile; fileRef = 2CDDC61B1C9D61F600BFC7D2 /* STTTAgentTerminal.m */; };
		2CDDC63F1C9D61F600BFC7D2 /* STTTAgentTerminal+CoreDataProperties.m in Sources */ = {isa = PBXBuildFile; fileRef = 2CDDC61D1C9D61F600BFC7D2 /* STTTAgentTerminal+CoreDataProperties.m */; };
		2CDDC6401C9D61F600BFC7D2 /* STTTDataModel2.xcdatamodeld in Sources */ = {isa = PBXBuildFile; fileRef = 2CDDC61E1C9D61F600BFC7D2 /* STTTDataModel2.xcdatamodeld */; };
		2CDDC6411C9D61F600BFC7D2 /* STTTTaskLocation.m in Sources */ = {isa = PBXBuildFile; fileRef = 2CDDC62D1C9D61F600BFC7D2 /* STTTTaskLocation.m */; };
		2CDDC6421C9D61F600BFC7D2 /* STTTTerminalLocation.m in Sources */ = {isa = PBXBuildFile; fileRef = 2CDDC62F1C9D61F600BFC7D2 /* STTTTerminalLocation.m */; };
		2CDDC67A1C9D622400BFC7D2 /* STAgentTaskComponentService.m in Sources */ = {isa = PBXBuildFile; fileRef = 2CDDC6441C9D622400BFC7D2 /* STAgentTaskComponentService.m */; };
		2CDDC67B1C9D622400BFC7D2 /* STAgentTaskDefectCodeService.m in Sources */ = {isa = PBXBuildFile; fileRef = 2CDDC6461C9D622400BFC7D2 /* STAgentTaskDefectCodeService.m */; };
		2CDDC67C1C9D622400BFC7D2 /* STAgentTaskRepairCodeService.m in Sources */ = {isa = PBXBuildFile; fileRef = 2CDDC6481C9D622400BFC7D2 /* STAgentTaskRepairCodeService.m */; };
		2CDDC67D1C9D622400BFC7D2 /* STEditTaskComponentsTVC.m in Sources */ = {isa = PBXBuildFile; fileRef = 2CDDC64A1C9D622400BFC7D2 /* STEditTaskComponentsTVC.m */; };
		2CDDC67E1C9D622400BFC7D2 /* STEditTaskDefectCodesTVC.m in Sources */ = {isa = PBXBuildFile; fileRef = 2CDDC64C1C9D622400BFC7D2 /* STEditTaskDefectCodesTVC.m */; };
		2CDDC67F1C9D622400BFC7D2 /* STEditTaskRepairCodesTVC.m in Sources */ = {isa = PBXBuildFile; fileRef = 2CDDC64E1C9D622400BFC7D2 /* STEditTaskRepairCodesTVC.m */; };
		2CDDC6801C9D622400BFC7D2 /* STMBarCodeScanner.m in Sources */ = {isa = PBXBuildFile; fileRef = 2CDDC6501C9D622400BFC7D2 /* STMBarCodeScanner.m */; };
		2CDDC6811C9D622400BFC7D2 /* STTTAgentTask+cellcoloring.m in Sources */ = {isa = PBXBuildFile; fileRef = 2CDDC6531C9D622400BFC7D2 /* STTTAgentTask+cellcoloring.m */; };
		2CDDC6821C9D622400BFC7D2 /* STTTAuthBasic.m in Sources */ = {isa = PBXBuildFile; fileRef = 2CDDC6551C9D622400BFC7D2 /* STTTAuthBasic.m */; };
		2CDDC6831C9D622400BFC7D2 /* STTTCommentVC.m in Sources */ = {isa = PBXBuildFile; fileRef = 2CDDC6571C9D622400BFC7D2 /* STTTCommentVC.m */; };
		2CDDC6841C9D622400BFC7D2 /* STTTComponentGroupTVC.m in Sources */ = {isa = PBXBuildFile; fileRef = 2CDDC6591C9D622400BFC7D2 /* STTTComponentGroupTVC.m */; };
		2CDDC6851C9D622400BFC7D2 /* STTTComponentsController.m in Sources */ = {isa = PBXBuildFile; fileRef = 2CDDC65B1C9D622400BFC7D2 /* STTTComponentsController.m */; };
		2CDDC6861C9D622400BFC7D2 /* STTTComponentsMovingVC.m in Sources */ = {isa = PBXBuildFile; fileRef = 2CDDC65D1C9D622400BFC7D2 /* STTTComponentsMovingVC.m */; };
		2CDDC6871C9D622400BFC7D2 /* STTTInfoCell.m in Sources */ = {isa = PBXBuildFile; fileRef = 2CDDC65F1C9D622400BFC7D2 /* STTTInfoCell.m */; };
		2CDDC6881C9D622400BFC7D2 /* STTTInfoTVC.m in Sources */ = {isa = PBXBuildFile; fileRef = 2CDDC6611C9D622400BFC7D2 /* STTTInfoTVC.m */; };
		2CDDC6891C9D622400BFC7D2 /* STTTLocationController.m in Sources */ = {isa = PBXBuildFile; fileRef = 2CDDC6631C9D622400BFC7D2 /* STTTLocationController.m */; };
		2CDDC68A1C9D622400BFC7D2 /* STTTMainNC.m in Sources */ = {isa = PBXBuildFile; fileRef = 2CDDC6651C9D622400BFC7D2 /* STTTMainNC.m */; };
		2CDDC68B1C9D622400BFC7D2 /* STTTMainTVC.m in Sources */ = {isa = PBXBuildFile; fileRef = 2CDDC6671C9D622400BFC7D2 /* STTTMainTVC.m */; };
		2CDDC68C1C9D622400BFC7D2 /* STTTMapAnnotation.m in Sources */ = {isa = PBXBuildFile; fileRef = 2CDDC6691C9D622400BFC7D2 /* STTTMapAnnotation.m */; };
		2CDDC68D1C9D622400BFC7D2 /* STTTSettingsController.m in Sources */ = {isa = PBXBuildFile; fileRef = 2CDDC66B1C9D622400BFC7D2 /* STTTSettingsController.m */; };
		2CDDC68E1C9D622400BFC7D2 /* STTTSubtitleTableViewCell.m in Sources */ = {isa = PBXBuildFile; fileRef = 2CDDC66D1C9D622400BFC7D2 /* STTTSubtitleTableViewCell.m */; };
		2CDDC68F1C9D622400BFC7D2 /* STTTSyncer.m in Sources */ = {isa = PBXBuildFile; fileRef = 2CDDC66F1C9D622400BFC7D2 /* STTTSyncer.m */; };
		2CDDC6901C9D622400BFC7D2 /* STTTTaskController.m in Sources */ = {isa = PBXBuildFile; fileRef = 2CDDC6711C9D622400BFC7D2 /* STTTTaskController.m */; };
		2CDDC6911C9D622400BFC7D2 /* STTTTaskTVC.m in Sources */ = {isa = PBXBuildFile; fileRef = 2CDDC6731C9D622400BFC7D2 /* STTTTaskTVC.m */; };
		2CDDC6921C9D622400BFC7D2 /* STTTTerminalController.m in Sources */ = {isa = PBXBuildFile; fileRef = 2CDDC6751C9D622400BFC7D2 /* STTTTerminalController.m */; };
		2CDDC6931C9D622400BFC7D2 /* STTTTerminalTVC.m in Sources */ = {isa = PBXBuildFile; fileRef = 2CDDC6771C9D622400BFC7D2 /* STTTTerminalTVC.m */; };
		2CDDC6941C9D622400BFC7D2 /* STUtilities.m in Sources */ = {isa = PBXBuildFile; fileRef = 2CDDC6791C9D622400BFC7D2 /* STUtilities.m */; };
		2CE3265B176F29E800BAA1D4 /* UIKit.framework in Frameworks */ = {isa = PBXBuildFile; fileRef = 2CE3265A176F29E800BAA1D4 /* UIKit.framework */; };
		2CE3265D176F29E800BAA1D4 /* Foundation.framework in Frameworks */ = {isa = PBXBuildFile; fileRef = 2CE3265C176F29E800BAA1D4 /* Foundation.framework */; };
		2CE3265F176F29E800BAA1D4 /* CoreGraphics.framework in Frameworks */ = {isa = PBXBuildFile; fileRef = 2CE3265E176F29E800BAA1D4 /* CoreGraphics.framework */; };
		2CE32665176F29E800BAA1D4 /* InfoPlist.strings in Resources */ = {isa = PBXBuildFile; fileRef = 2CE32663176F29E800BAA1D4 /* InfoPlist.strings */; };
		2CE32667176F29E800BAA1D4 /* main.m in Sources */ = {isa = PBXBuildFile; fileRef = 2CE32666176F29E800BAA1D4 /* main.m */; };
		2CE3266B176F29E800BAA1D4 /* STAppDelegate.m in Sources */ = {isa = PBXBuildFile; fileRef = 2CE3266A176F29E800BAA1D4 /* STAppDelegate.m */; };
		2CE3266D176F29E800BAA1D4 /* Default.png in Resources */ = {isa = PBXBuildFile; fileRef = 2CE3266C176F29E800BAA1D4 /* Default.png */; };
		2CE3266F176F29E800BAA1D4 /* Default@2x.png in Resources */ = {isa = PBXBuildFile; fileRef = 2CE3266E176F29E800BAA1D4 /* Default@2x.png */; };
		2CE32671176F29E800BAA1D4 /* Default-568h@2x.png in Resources */ = {isa = PBXBuildFile; fileRef = 2CE32670176F29E800BAA1D4 /* Default-568h@2x.png */; };
		2CE32674176F29E800BAA1D4 /* STTTMainStoryboard_iPhone.storyboard in Resources */ = {isa = PBXBuildFile; fileRef = 2CE32672176F29E800BAA1D4 /* STTTMainStoryboard_iPhone.storyboard */; };
		2CE32677176F29E800BAA1D4 /* STTTMainStoryboard_iPad.storyboard in Resources */ = {isa = PBXBuildFile; fileRef = 2CE32675176F29E800BAA1D4 /* STTTMainStoryboard_iPad.storyboard */; };
		2CE32683176F29E800BAA1D4 /* UIKit.framework in Frameworks */ = {isa = PBXBuildFile; fileRef = 2CE3265A176F29E800BAA1D4 /* UIKit.framework */; };
		2CE32684176F29E800BAA1D4 /* Foundation.framework in Frameworks */ = {isa = PBXBuildFile; fileRef = 2CE3265C176F29E800BAA1D4 /* Foundation.framework */; };
		2CE3268C176F29E800BAA1D4 /* InfoPlist.strings in Resources */ = {isa = PBXBuildFile; fileRef = 2CE3268A176F29E800BAA1D4 /* InfoPlist.strings */; };
		2CE3268F176F29E800BAA1D4 /* TerminalTrackerTests.m in Sources */ = {isa = PBXBuildFile; fileRef = 2CE3268E176F29E800BAA1D4 /* TerminalTrackerTests.m */; };
		2CE326A0176F2F2C00BAA1D4 /* CoreData.framework in Frameworks */ = {isa = PBXBuildFile; fileRef = 2CE3269F176F2F2C00BAA1D4 /* CoreData.framework */; };
		2CE326A2176F2F3500BAA1D4 /* CoreLocation.framework in Frameworks */ = {isa = PBXBuildFile; fileRef = 2CE326A1176F2F3500BAA1D4 /* CoreLocation.framework */; };
		2CE326A4176F2F3E00BAA1D4 /* MapKit.framework in Frameworks */ = {isa = PBXBuildFile; fileRef = 2CE326A3176F2F3E00BAA1D4 /* MapKit.framework */; };
		2CE7E4CA179FC98800113A6A /* STTTtest.json in Resources */ = {isa = PBXBuildFile; fileRef = 2CE7E4C9179FC98800113A6A /* STTTtest.json */; };
		9E0575B8127B4EE5B37A6DF5 /* libPods.a in Frameworks */ = {isa = PBXBuildFile; fileRef = 3F26E7DA269E4C8AB402C081 /* libPods.a */; };
/* End PBXBuildFile section */

/* Begin PBXContainerItemProxy section */
		2CE32685176F29E800BAA1D4 /* PBXContainerItemProxy */ = {
			isa = PBXContainerItemProxy;
			containerPortal = 2CE3264F176F29E800BAA1D4 /* Project object */;
			proxyType = 1;
			remoteGlobalIDString = 2CE32656176F29E800BAA1D4;
			remoteInfo = TerminalTracker;
		};
/* End PBXContainerItemProxy section */

/* Begin PBXFileReference section */
		2C5617DA1C64D6C300EA463C /* AVFoundation.framework */ = {isa = PBXFileReference; lastKnownFileType = wrapper.framework; name = AVFoundation.framework; path = System/Library/Frameworks/AVFoundation.framework; sourceTree = SDKROOT; };
		2CA06B0A1C4A8E8C00383AC9 /* tele2.png */ = {isa = PBXFileReference; lastKnownFileType = image.png; path = tele2.png; sourceTree = "<group>"; };
		2CA06B0B1C4A8E8C00383AC9 /* mts.png */ = {isa = PBXFileReference; lastKnownFileType = image.png; path = mts.png; sourceTree = "<group>"; };
		2CA06B0C1C4A8E8C00383AC9 /* megafon.png */ = {isa = PBXFileReference; lastKnownFileType = image.png; path = megafon.png; sourceTree = "<group>"; };
		2CA06B0D1C4A8E8C00383AC9 /* beeline.png */ = {isa = PBXFileReference; lastKnownFileType = image.png; path = beeline.png; sourceTree = "<group>"; };
		2CA06B0E1C4A8E8C00383AC9 /* unknown.png */ = {isa = PBXFileReference; lastKnownFileType = image.png; path = unknown.png; sourceTree = "<group>"; };
		2CDDC5FE1C9D61F500BFC7D2 /* STTTAgentBarcodeType.h */ = {isa = PBXFileReference; fileEncoding = 4; lastKnownFileType = sourcecode.c.h; path = STTTAgentBarcodeType.h; sourceTree = "<group>"; };
		2CDDC5FF1C9D61F600BFC7D2 /* STTTAgentBarcodeType.m */ = {isa = PBXFileReference; fileEncoding = 4; lastKnownFileType = sourcecode.c.objc; path = STTTAgentBarcodeType.m; sourceTree = "<group>"; };
		2CDDC6001C9D61F600BFC7D2 /* STTTAgentBarcodeType+CoreDataProperties.h */ = {isa = PBXFileReference; fileEncoding = 4; lastKnownFileType = sourcecode.c.h; path = "STTTAgentBarcodeType+CoreDataProperties.h"; sourceTree = "<group>"; };
		2CDDC6011C9D61F600BFC7D2 /* STTTAgentBarcodeType+CoreDataProperties.m */ = {isa = PBXFileReference; fileEncoding = 4; lastKnownFileType = sourcecode.c.objc; path = "STTTAgentBarcodeType+CoreDataProperties.m"; sourceTree = "<group>"; };
		2CDDC6021C9D61F600BFC7D2 /* STTTAgentComponent.h */ = {isa = PBXFileReference; fileEncoding = 4; lastKnownFileType = sourcecode.c.h; path = STTTAgentComponent.h; sourceTree = "<group>"; };
		2CDDC6031C9D61F600BFC7D2 /* STTTAgentComponent.m */ = {isa = PBXFileReference; fileEncoding = 4; lastKnownFileType = sourcecode.c.objc; path = STTTAgentComponent.m; sourceTree = "<group>"; };
		2CDDC6041C9D61F600BFC7D2 /* STTTAgentComponent+CoreDataProperties.h */ = {isa = PBXFileReference; fileEncoding = 4; lastKnownFileType = sourcecode.c.h; path = "STTTAgentComponent+CoreDataProperties.h"; sourceTree = "<group>"; };
		2CDDC6051C9D61F600BFC7D2 /* STTTAgentComponent+CoreDataProperties.m */ = {isa = PBXFileReference; fileEncoding = 4; lastKnownFileType = sourcecode.c.objc; path = "STTTAgentComponent+CoreDataProperties.m"; sourceTree = "<group>"; };
		2CDDC6061C9D61F600BFC7D2 /* STTTAgentComponentGroup.h */ = {isa = PBXFileReference; fileEncoding = 4; lastKnownFileType = sourcecode.c.h; path = STTTAgentComponentGroup.h; sourceTree = "<group>"; };
		2CDDC6071C9D61F600BFC7D2 /* STTTAgentComponentGroup.m */ = {isa = PBXFileReference; fileEncoding = 4; lastKnownFileType = sourcecode.c.objc; path = STTTAgentComponentGroup.m; sourceTree = "<group>"; };
		2CDDC6081C9D61F600BFC7D2 /* STTTAgentComponentGroup+CoreDataProperties.h */ = {isa = PBXFileReference; fileEncoding = 4; lastKnownFileType = sourcecode.c.h; path = "STTTAgentComponentGroup+CoreDataProperties.h"; sourceTree = "<group>"; };
		2CDDC6091C9D61F600BFC7D2 /* STTTAgentComponentGroup+CoreDataProperties.m */ = {isa = PBXFileReference; fileEncoding = 4; lastKnownFileType = sourcecode.c.objc; path = "STTTAgentComponentGroup+CoreDataProperties.m"; sourceTree = "<group>"; };
		2CDDC60A1C9D61F600BFC7D2 /* STTTAgentDefectCode.h */ = {isa = PBXFileReference; fileEncoding = 4; lastKnownFileType = sourcecode.c.h; path = STTTAgentDefectCode.h; sourceTree = "<group>"; };
		2CDDC60B1C9D61F600BFC7D2 /* STTTAgentDefectCode.m */ = {isa = PBXFileReference; fileEncoding = 4; lastKnownFileType = sourcecode.c.objc; path = STTTAgentDefectCode.m; sourceTree = "<group>"; };
		2CDDC60C1C9D61F600BFC7D2 /* STTTAgentRepairCode.h */ = {isa = PBXFileReference; fileEncoding = 4; lastKnownFileType = sourcecode.c.h; path = STTTAgentRepairCode.h; sourceTree = "<group>"; };
		2CDDC60D1C9D61F600BFC7D2 /* STTTAgentRepairCode.m */ = {isa = PBXFileReference; fileEncoding = 4; lastKnownFileType = sourcecode.c.objc; path = STTTAgentRepairCode.m; sourceTree = "<group>"; };
		2CDDC60E1C9D61F600BFC7D2 /* STTTAgentTask.h */ = {isa = PBXFileReference; fileEncoding = 4; lastKnownFileType = sourcecode.c.h; path = STTTAgentTask.h; sourceTree = "<group>"; };
		2CDDC60F1C9D61F600BFC7D2 /* STTTAgentTask.m */ = {isa = PBXFileReference; fileEncoding = 4; lastKnownFileType = sourcecode.c.objc; path = STTTAgentTask.m; sourceTree = "<group>"; };
		2CDDC6101C9D61F600BFC7D2 /* STTTAgentTask+CoreDataProperties.h */ = {isa = PBXFileReference; fileEncoding = 4; lastKnownFileType = sourcecode.c.h; path = "STTTAgentTask+CoreDataProperties.h"; sourceTree = "<group>"; };
		2CDDC6111C9D61F600BFC7D2 /* STTTAgentTask+CoreDataProperties.m */ = {isa = PBXFileReference; fileEncoding = 4; lastKnownFileType = sourcecode.c.objc; path = "STTTAgentTask+CoreDataProperties.m"; sourceTree = "<group>"; };
		2CDDC6121C9D61F600BFC7D2 /* STTTAgentTaskComponent.h */ = {isa = PBXFileReference; fileEncoding = 4; lastKnownFileType = sourcecode.c.h; path = STTTAgentTaskComponent.h; sourceTree = "<group>"; };
		2CDDC6131C9D61F600BFC7D2 /* STTTAgentTaskComponent.m */ = {isa = PBXFileReference; fileEncoding = 4; lastKnownFileType = sourcecode.c.objc; path = STTTAgentTaskComponent.m; sourceTree = "<group>"; };
		2CDDC6141C9D61F600BFC7D2 /* STTTAgentTaskComponent+CoreDataProperties.h */ = {isa = PBXFileReference; fileEncoding = 4; lastKnownFileType = sourcecode.c.h; path = "STTTAgentTaskComponent+CoreDataProperties.h"; sourceTree = "<group>"; };
		2CDDC6151C9D61F600BFC7D2 /* STTTAgentTaskComponent+CoreDataProperties.m */ = {isa = PBXFileReference; fileEncoding = 4; lastKnownFileType = sourcecode.c.objc; path = "STTTAgentTaskComponent+CoreDataProperties.m"; sourceTree = "<group>"; };
		2CDDC6161C9D61F600BFC7D2 /* STTTAgentTaskDefect.h */ = {isa = PBXFileReference; fileEncoding = 4; lastKnownFileType = sourcecode.c.h; path = STTTAgentTaskDefect.h; sourceTree = "<group>"; };
		2CDDC6171C9D61F600BFC7D2 /* STTTAgentTaskDefect.m */ = {isa = PBXFileReference; fileEncoding = 4; lastKnownFileType = sourcecode.c.objc; path = STTTAgentTaskDefect.m; sourceTree = "<group>"; };
		2CDDC6181C9D61F600BFC7D2 /* STTTAgentTaskRepair.h */ = {isa = PBXFileReference; fileEncoding = 4; lastKnownFileType = sourcecode.c.h; path = STTTAgentTaskRepair.h; sourceTree = "<group>"; };
		2CDDC6191C9D61F600BFC7D2 /* STTTAgentTaskRepair.m */ = {isa = PBXFileReference; fileEncoding = 4; lastKnownFileType = sourcecode.c.objc; path = STTTAgentTaskRepair.m; sourceTree = "<group>"; };
		2CDDC61A1C9D61F600BFC7D2 /* STTTAgentTerminal.h */ = {isa = PBXFileReference; fileEncoding = 4; lastKnownFileType = sourcecode.c.h; path = STTTAgentTerminal.h; sourceTree = "<group>"; };
		2CDDC61B1C9D61F600BFC7D2 /* STTTAgentTerminal.m */ = {isa = PBXFileReference; fileEncoding = 4; lastKnownFileType = sourcecode.c.objc; path = STTTAgentTerminal.m; sourceTree = "<group>"; };
		2CDDC61C1C9D61F600BFC7D2 /* STTTAgentTerminal+CoreDataProperties.h */ = {isa = PBXFileReference; fileEncoding = 4; lastKnownFileType = sourcecode.c.h; path = "STTTAgentTerminal+CoreDataProperties.h"; sourceTree = "<group>"; };
		2CDDC61D1C9D61F600BFC7D2 /* STTTAgentTerminal+CoreDataProperties.m */ = {isa = PBXFileReference; fileEncoding = 4; lastKnownFileType = sourcecode.c.objc; path = "STTTAgentTerminal+CoreDataProperties.m"; sourceTree = "<group>"; };
		2CDDC61F1C9D61F600BFC7D2 /* STTTDataModel 10.xcdatamodel */ = {isa = PBXFileReference; lastKnownFileType = wrapper.xcdatamodel; path = "STTTDataModel 10.xcdatamodel"; sourceTree = "<group>"; };
		2CDDC6201C9D61F600BFC7D2 /* STTTDataModel 11.xcdatamodel */ = {isa = PBXFileReference; lastKnownFileType = wrapper.xcdatamodel; path = "STTTDataModel 11.xcdatamodel"; sourceTree = "<group>"; };
		2CDDC6211C9D61F600BFC7D2 /* STTTDataModel 12.xcdatamodel */ = {isa = PBXFileReference; lastKnownFileType = wrapper.xcdatamodel; path = "STTTDataModel 12.xcdatamodel"; sourceTree = "<group>"; };
		2CDDC6221C9D61F600BFC7D2 /* STTTDataModel 13.xcdatamodel */ = {isa = PBXFileReference; lastKnownFileType = wrapper.xcdatamodel; path = "STTTDataModel 13.xcdatamodel"; sourceTree = "<group>"; };
		2CDDC6231C9D61F600BFC7D2 /* STTTDataModel 2.xcdatamodel */ = {isa = PBXFileReference; lastKnownFileType = wrapper.xcdatamodel; path = "STTTDataModel 2.xcdatamodel"; sourceTree = "<group>"; };
		2CDDC6241C9D61F600BFC7D2 /* STTTDataModel 3.xcdatamodel */ = {isa = PBXFileReference; lastKnownFileType = wrapper.xcdatamodel; path = "STTTDataModel 3.xcdatamodel"; sourceTree = "<group>"; };
		2CDDC6251C9D61F600BFC7D2 /* STTTDataModel 4.xcdatamodel */ = {isa = PBXFileReference; lastKnownFileType = wrapper.xcdatamodel; path = "STTTDataModel 4.xcdatamodel"; sourceTree = "<group>"; };
		2CDDC6261C9D61F600BFC7D2 /* STTTDataModel 5.xcdatamodel */ = {isa = PBXFileReference; lastKnownFileType = wrapper.xcdatamodel; path = "STTTDataModel 5.xcdatamodel"; sourceTree = "<group>"; };
		2CDDC6271C9D61F600BFC7D2 /* STTTDataModel 6.xcdatamodel */ = {isa = PBXFileReference; lastKnownFileType = wrapper.xcdatamodel; path = "STTTDataModel 6.xcdatamodel"; sourceTree = "<group>"; };
		2CDDC6281C9D61F600BFC7D2 /* STTTDataModel 7.xcdatamodel */ = {isa = PBXFileReference; lastKnownFileType = wrapper.xcdatamodel; path = "STTTDataModel 7.xcdatamodel"; sourceTree = "<group>"; };
		2CDDC6291C9D61F600BFC7D2 /* STTTDataModel 8.xcdatamodel */ = {isa = PBXFileReference; lastKnownFileType = wrapper.xcdatamodel; path = "STTTDataModel 8.xcdatamodel"; sourceTree = "<group>"; };
		2CDDC62A1C9D61F600BFC7D2 /* STTTDataModel 9.xcdatamodel */ = {isa = PBXFileReference; lastKnownFileType = wrapper.xcdatamodel; path = "STTTDataModel 9.xcdatamodel"; sourceTree = "<group>"; };
		2CDDC62B1C9D61F600BFC7D2 /* STTTDataModel.xcdatamodel */ = {isa = PBXFileReference; lastKnownFileType = wrapper.xcdatamodel; path = STTTDataModel.xcdatamodel; sourceTree = "<group>"; };
		2CDDC62C1C9D61F600BFC7D2 /* STTTTaskLocation.h */ = {isa = PBXFileReference; fileEncoding = 4; lastKnownFileType = sourcecode.c.h; path = STTTTaskLocation.h; sourceTree = "<group>"; };
		2CDDC62D1C9D61F600BFC7D2 /* STTTTaskLocation.m */ = {isa = PBXFileReference; fileEncoding = 4; lastKnownFileType = sourcecode.c.objc; path = STTTTaskLocation.m; sourceTree = "<group>"; };
		2CDDC62E1C9D61F600BFC7D2 /* STTTTerminalLocation.h */ = {isa = PBXFileReference; fileEncoding = 4; lastKnownFileType = sourcecode.c.h; path = STTTTerminalLocation.h; sourceTree = "<group>"; };
		2CDDC62F1C9D61F600BFC7D2 /* STTTTerminalLocation.m */ = {isa = PBXFileReference; fileEncoding = 4; lastKnownFileType = sourcecode.c.objc; path = STTTTerminalLocation.m; sourceTree = "<group>"; };
		2CDDC6431C9D622400BFC7D2 /* STAgentTaskComponentService.h */ = {isa = PBXFileReference; fileEncoding = 4; lastKnownFileType = sourcecode.c.h; path = STAgentTaskComponentService.h; sourceTree = "<group>"; };
		2CDDC6441C9D622400BFC7D2 /* STAgentTaskComponentService.m */ = {isa = PBXFileReference; fileEncoding = 4; lastKnownFileType = sourcecode.c.objc; path = STAgentTaskComponentService.m; sourceTree = "<group>"; };
		2CDDC6451C9D622400BFC7D2 /* STAgentTaskDefectCodeService.h */ = {isa = PBXFileReference; fileEncoding = 4; lastKnownFileType = sourcecode.c.h; path = STAgentTaskDefectCodeService.h; sourceTree = "<group>"; };
		2CDDC6461C9D622400BFC7D2 /* STAgentTaskDefectCodeService.m */ = {isa = PBXFileReference; fileEncoding = 4; lastKnownFileType = sourcecode.c.objc; path = STAgentTaskDefectCodeService.m; sourceTree = "<group>"; };
		2CDDC6471C9D622400BFC7D2 /* STAgentTaskRepairCodeService.h */ = {isa = PBXFileReference; fileEncoding = 4; lastKnownFileType = sourcecode.c.h; path = STAgentTaskRepairCodeService.h; sourceTree = "<group>"; };
		2CDDC6481C9D622400BFC7D2 /* STAgentTaskRepairCodeService.m */ = {isa = PBXFileReference; fileEncoding = 4; lastKnownFileType = sourcecode.c.objc; path = STAgentTaskRepairCodeService.m; sourceTree = "<group>"; };
		2CDDC6491C9D622400BFC7D2 /* STEditTaskComponentsTVC.h */ = {isa = PBXFileReference; fileEncoding = 4; lastKnownFileType = sourcecode.c.h; path = STEditTaskComponentsTVC.h; sourceTree = "<group>"; };
		2CDDC64A1C9D622400BFC7D2 /* STEditTaskComponentsTVC.m */ = {isa = PBXFileReference; fileEncoding = 4; lastKnownFileType = sourcecode.c.objc; path = STEditTaskComponentsTVC.m; sourceTree = "<group>"; };
		2CDDC64B1C9D622400BFC7D2 /* STEditTaskDefectCodesTVC.h */ = {isa = PBXFileReference; fileEncoding = 4; lastKnownFileType = sourcecode.c.h; path = STEditTaskDefectCodesTVC.h; sourceTree = "<group>"; };
		2CDDC64C1C9D622400BFC7D2 /* STEditTaskDefectCodesTVC.m */ = {isa = PBXFileReference; fileEncoding = 4; lastKnownFileType = sourcecode.c.objc; path = STEditTaskDefectCodesTVC.m; sourceTree = "<group>"; };
		2CDDC64D1C9D622400BFC7D2 /* STEditTaskRepairCodesTVC.h */ = {isa = PBXFileReference; fileEncoding = 4; lastKnownFileType = sourcecode.c.h; path = STEditTaskRepairCodesTVC.h; sourceTree = "<group>"; };
		2CDDC64E1C9D622400BFC7D2 /* STEditTaskRepairCodesTVC.m */ = {isa = PBXFileReference; fileEncoding = 4; lastKnownFileType = sourcecode.c.objc; path = STEditTaskRepairCodesTVC.m; sourceTree = "<group>"; };
		2CDDC64F1C9D622400BFC7D2 /* STMBarCodeScanner.h */ = {isa = PBXFileReference; fileEncoding = 4; lastKnownFileType = sourcecode.c.h; path = STMBarCodeScanner.h; sourceTree = "<group>"; };
		2CDDC6501C9D622400BFC7D2 /* STMBarCodeScanner.m */ = {isa = PBXFileReference; fileEncoding = 4; lastKnownFileType = sourcecode.c.objc; path = STMBarCodeScanner.m; sourceTree = "<group>"; };
		2CDDC6511C9D622400BFC7D2 /* STMBarCodeScannerDelegate.h */ = {isa = PBXFileReference; fileEncoding = 4; lastKnownFileType = sourcecode.c.h; path = STMBarCodeScannerDelegate.h; sourceTree = "<group>"; };
		2CDDC6521C9D622400BFC7D2 /* STTTAgentTask+cellcoloring.h */ = {isa = PBXFileReference; fileEncoding = 4; lastKnownFileType = sourcecode.c.h; path = "STTTAgentTask+cellcoloring.h"; sourceTree = "<group>"; };
		2CDDC6531C9D622400BFC7D2 /* STTTAgentTask+cellcoloring.m */ = {isa = PBXFileReference; fileEncoding = 4; lastKnownFileType = sourcecode.c.objc; path = "STTTAgentTask+cellcoloring.m"; sourceTree = "<group>"; };
		2CDDC6541C9D622400BFC7D2 /* STTTAuthBasic.h */ = {isa = PBXFileReference; fileEncoding = 4; lastKnownFileType = sourcecode.c.h; path = STTTAuthBasic.h; sourceTree = "<group>"; };
		2CDDC6551C9D622400BFC7D2 /* STTTAuthBasic.m */ = {isa = PBXFileReference; fileEncoding = 4; lastKnownFileType = sourcecode.c.objc; path = STTTAuthBasic.m; sourceTree = "<group>"; };
		2CDDC6561C9D622400BFC7D2 /* STTTCommentVC.h */ = {isa = PBXFileReference; fileEncoding = 4; lastKnownFileType = sourcecode.c.h; path = STTTCommentVC.h; sourceTree = "<group>"; };
		2CDDC6571C9D622400BFC7D2 /* STTTCommentVC.m */ = {isa = PBXFileReference; fileEncoding = 4; lastKnownFileType = sourcecode.c.objc; path = STTTCommentVC.m; sourceTree = "<group>"; };
		2CDDC6581C9D622400BFC7D2 /* STTTComponentGroupTVC.h */ = {isa = PBXFileReference; fileEncoding = 4; lastKnownFileType = sourcecode.c.h; path = STTTComponentGroupTVC.h; sourceTree = "<group>"; };
		2CDDC6591C9D622400BFC7D2 /* STTTComponentGroupTVC.m */ = {isa = PBXFileReference; fileEncoding = 4; lastKnownFileType = sourcecode.c.objc; path = STTTComponentGroupTVC.m; sourceTree = "<group>"; };
		2CDDC65A1C9D622400BFC7D2 /* STTTComponentsController.h */ = {isa = PBXFileReference; fileEncoding = 4; lastKnownFileType = sourcecode.c.h; path = STTTComponentsController.h; sourceTree = "<group>"; };
		2CDDC65B1C9D622400BFC7D2 /* STTTComponentsController.m */ = {isa = PBXFileReference; fileEncoding = 4; lastKnownFileType = sourcecode.c.objc; path = STTTComponentsController.m; sourceTree = "<group>"; };
		2CDDC65C1C9D622400BFC7D2 /* STTTComponentsMovingVC.h */ = {isa = PBXFileReference; fileEncoding = 4; lastKnownFileType = sourcecode.c.h; path = STTTComponentsMovingVC.h; sourceTree = "<group>"; };
		2CDDC65D1C9D622400BFC7D2 /* STTTComponentsMovingVC.m */ = {isa = PBXFileReference; fileEncoding = 4; lastKnownFileType = sourcecode.c.objc; path = STTTComponentsMovingVC.m; sourceTree = "<group>"; };
		2CDDC65E1C9D622400BFC7D2 /* STTTInfoCell.h */ = {isa = PBXFileReference; fileEncoding = 4; lastKnownFileType = sourcecode.c.h; path = STTTInfoCell.h; sourceTree = "<group>"; };
		2CDDC65F1C9D622400BFC7D2 /* STTTInfoCell.m */ = {isa = PBXFileReference; fileEncoding = 4; lastKnownFileType = sourcecode.c.objc; path = STTTInfoCell.m; sourceTree = "<group>"; };
		2CDDC6601C9D622400BFC7D2 /* STTTInfoTVC.h */ = {isa = PBXFileReference; fileEncoding = 4; lastKnownFileType = sourcecode.c.h; path = STTTInfoTVC.h; sourceTree = "<group>"; };
		2CDDC6611C9D622400BFC7D2 /* STTTInfoTVC.m */ = {isa = PBXFileReference; fileEncoding = 4; lastKnownFileType = sourcecode.c.objc; path = STTTInfoTVC.m; sourceTree = "<group>"; };
		2CDDC6621C9D622400BFC7D2 /* STTTLocationController.h */ = {isa = PBXFileReference; fileEncoding = 4; lastKnownFileType = sourcecode.c.h; path = STTTLocationController.h; sourceTree = "<group>"; };
		2CDDC6631C9D622400BFC7D2 /* STTTLocationController.m */ = {isa = PBXFileReference; fileEncoding = 4; lastKnownFileType = sourcecode.c.objc; path = STTTLocationController.m; sourceTree = "<group>"; };
		2CDDC6641C9D622400BFC7D2 /* STTTMainNC.h */ = {isa = PBXFileReference; fileEncoding = 4; lastKnownFileType = sourcecode.c.h; path = STTTMainNC.h; sourceTree = "<group>"; };
		2CDDC6651C9D622400BFC7D2 /* STTTMainNC.m */ = {isa = PBXFileReference; fileEncoding = 4; lastKnownFileType = sourcecode.c.objc; path = STTTMainNC.m; sourceTree = "<group>"; };
		2CDDC6661C9D622400BFC7D2 /* STTTMainTVC.h */ = {isa = PBXFileReference; fileEncoding = 4; lastKnownFileType = sourcecode.c.h; path = STTTMainTVC.h; sourceTree = "<group>"; };
		2CDDC6671C9D622400BFC7D2 /* STTTMainTVC.m */ = {isa = PBXFileReference; fileEncoding = 4; lastKnownFileType = sourcecode.c.objc; path = STTTMainTVC.m; sourceTree = "<group>"; };
		2CDDC6681C9D622400BFC7D2 /* STTTMapAnnotation.h */ = {isa = PBXFileReference; fileEncoding = 4; lastKnownFileType = sourcecode.c.h; path = STTTMapAnnotation.h; sourceTree = "<group>"; };
		2CDDC6691C9D622400BFC7D2 /* STTTMapAnnotation.m */ = {isa = PBXFileReference; fileEncoding = 4; lastKnownFileType = sourcecode.c.objc; path = STTTMapAnnotation.m; sourceTree = "<group>"; };
		2CDDC66A1C9D622400BFC7D2 /* STTTSettingsController.h */ = {isa = PBXFileReference; fileEncoding = 4; lastKnownFileType = sourcecode.c.h; path = STTTSettingsController.h; sourceTree = "<group>"; };
		2CDDC66B1C9D622400BFC7D2 /* STTTSettingsController.m */ = {isa = PBXFileReference; fileEncoding = 4; lastKnownFileType = sourcecode.c.objc; path = STTTSettingsController.m; sourceTree = "<group>"; };
		2CDDC66C1C9D622400BFC7D2 /* STTTSubtitleTableViewCell.h */ = {isa = PBXFileReference; fileEncoding = 4; lastKnownFileType = sourcecode.c.h; path = STTTSubtitleTableViewCell.h; sourceTree = "<group>"; };
		2CDDC66D1C9D622400BFC7D2 /* STTTSubtitleTableViewCell.m */ = {isa = PBXFileReference; fileEncoding = 4; lastKnownFileType = sourcecode.c.objc; path = STTTSubtitleTableViewCell.m; sourceTree = "<group>"; };
		2CDDC66E1C9D622400BFC7D2 /* STTTSyncer.h */ = {isa = PBXFileReference; fileEncoding = 4; lastKnownFileType = sourcecode.c.h; path = STTTSyncer.h; sourceTree = "<group>"; };
		2CDDC66F1C9D622400BFC7D2 /* STTTSyncer.m */ = {isa = PBXFileReference; fileEncoding = 4; lastKnownFileType = sourcecode.c.objc; path = STTTSyncer.m; sourceTree = "<group>"; };
		2CDDC6701C9D622400BFC7D2 /* STTTTaskController.h */ = {isa = PBXFileReference; fileEncoding = 4; lastKnownFileType = sourcecode.c.h; path = STTTTaskController.h; sourceTree = "<group>"; };
		2CDDC6711C9D622400BFC7D2 /* STTTTaskController.m */ = {isa = PBXFileReference; fileEncoding = 4; lastKnownFileType = sourcecode.c.objc; path = STTTTaskController.m; sourceTree = "<group>"; };
		2CDDC6721C9D622400BFC7D2 /* STTTTaskTVC.h */ = {isa = PBXFileReference; fileEncoding = 4; lastKnownFileType = sourcecode.c.h; path = STTTTaskTVC.h; sourceTree = "<group>"; };
		2CDDC6731C9D622400BFC7D2 /* STTTTaskTVC.m */ = {isa = PBXFileReference; fileEncoding = 4; lastKnownFileType = sourcecode.c.objc; path = STTTTaskTVC.m; sourceTree = "<group>"; };
		2CDDC6741C9D622400BFC7D2 /* STTTTerminalController.h */ = {isa = PBXFileReference; fileEncoding = 4; lastKnownFileType = sourcecode.c.h; path = STTTTerminalController.h; sourceTree = "<group>"; };
		2CDDC6751C9D622400BFC7D2 /* STTTTerminalController.m */ = {isa = PBXFileReference; fileEncoding = 4; lastKnownFileType = sourcecode.c.objc; path = STTTTerminalController.m; sourceTree = "<group>"; };
		2CDDC6761C9D622400BFC7D2 /* STTTTerminalTVC.h */ = {isa = PBXFileReference; fileEncoding = 4; lastKnownFileType = sourcecode.c.h; path = STTTTerminalTVC.h; sourceTree = "<group>"; };
		2CDDC6771C9D622400BFC7D2 /* STTTTerminalTVC.m */ = {isa = PBXFileReference; fileEncoding = 4; lastKnownFileType = sourcecode.c.objc; path = STTTTerminalTVC.m; sourceTree = "<group>"; };
		2CDDC6781C9D622400BFC7D2 /* STUtilities.h */ = {isa = PBXFileReference; fileEncoding = 4; lastKnownFileType = sourcecode.c.h; path = STUtilities.h; sourceTree = "<group>"; };
		2CDDC6791C9D622400BFC7D2 /* STUtilities.m */ = {isa = PBXFileReference; fileEncoding = 4; lastKnownFileType = sourcecode.c.objc; path = STUtilities.m; sourceTree = "<group>"; };
		2CE32657176F29E800BAA1D4 /* TerminalTracker.app */ = {isa = PBXFileReference; explicitFileType = wrapper.application; includeInIndex = 0; path = TerminalTracker.app; sourceTree = BUILT_PRODUCTS_DIR; };
		2CE3265A176F29E800BAA1D4 /* UIKit.framework */ = {isa = PBXFileReference; lastKnownFileType = wrapper.framework; name = UIKit.framework; path = System/Library/Frameworks/UIKit.framework; sourceTree = SDKROOT; };
		2CE3265C176F29E800BAA1D4 /* Foundation.framework */ = {isa = PBXFileReference; lastKnownFileType = wrapper.framework; name = Foundation.framework; path = System/Library/Frameworks/Foundation.framework; sourceTree = SDKROOT; };
		2CE3265E176F29E800BAA1D4 /* CoreGraphics.framework */ = {isa = PBXFileReference; lastKnownFileType = wrapper.framework; name = CoreGraphics.framework; path = System/Library/Frameworks/CoreGraphics.framework; sourceTree = SDKROOT; };
		2CE32662176F29E800BAA1D4 /* TerminalTracker-Info.plist */ = {isa = PBXFileReference; lastKnownFileType = text.plist.xml; path = "TerminalTracker-Info.plist"; sourceTree = "<group>"; };
		2CE32664176F29E800BAA1D4 /* en */ = {isa = PBXFileReference; lastKnownFileType = text.plist.strings; name = en; path = en.lproj/InfoPlist.strings; sourceTree = "<group>"; };
		2CE32666176F29E800BAA1D4 /* main.m */ = {isa = PBXFileReference; lastKnownFileType = sourcecode.c.objc; path = main.m; sourceTree = "<group>"; };
		2CE32668176F29E800BAA1D4 /* TerminalTracker-Prefix.pch */ = {isa = PBXFileReference; lastKnownFileType = sourcecode.c.h; path = "TerminalTracker-Prefix.pch"; sourceTree = "<group>"; };
		2CE32669176F29E800BAA1D4 /* STAppDelegate.h */ = {isa = PBXFileReference; lastKnownFileType = sourcecode.c.h; path = STAppDelegate.h; sourceTree = "<group>"; };
		2CE3266A176F29E800BAA1D4 /* STAppDelegate.m */ = {isa = PBXFileReference; lastKnownFileType = sourcecode.c.objc; path = STAppDelegate.m; sourceTree = "<group>"; };
		2CE3266C176F29E800BAA1D4 /* Default.png */ = {isa = PBXFileReference; lastKnownFileType = image.png; path = Default.png; sourceTree = "<group>"; };
		2CE3266E176F29E800BAA1D4 /* Default@2x.png */ = {isa = PBXFileReference; lastKnownFileType = image.png; path = "Default@2x.png"; sourceTree = "<group>"; };
		2CE32670176F29E800BAA1D4 /* Default-568h@2x.png */ = {isa = PBXFileReference; lastKnownFileType = image.png; path = "Default-568h@2x.png"; sourceTree = "<group>"; };
		2CE32673176F29E800BAA1D4 /* en */ = {isa = PBXFileReference; lastKnownFileType = file.storyboard; name = en; path = en.lproj/STTTMainStoryboard_iPhone.storyboard; sourceTree = "<group>"; };
		2CE32676176F29E800BAA1D4 /* en */ = {isa = PBXFileReference; lastKnownFileType = file.storyboard; name = en; path = en.lproj/STTTMainStoryboard_iPad.storyboard; sourceTree = "<group>"; };
		2CE32680176F29E800BAA1D4 /* TerminalTrackerTests.xctest */ = {isa = PBXFileReference; explicitFileType = wrapper.cfbundle; includeInIndex = 0; path = TerminalTrackerTests.xctest; sourceTree = BUILT_PRODUCTS_DIR; };
		2CE32689176F29E800BAA1D4 /* TerminalTrackerTests-Info.plist */ = {isa = PBXFileReference; lastKnownFileType = text.plist.xml; path = "TerminalTrackerTests-Info.plist"; sourceTree = "<group>"; };
		2CE3268B176F29E800BAA1D4 /* en */ = {isa = PBXFileReference; lastKnownFileType = text.plist.strings; name = en; path = en.lproj/InfoPlist.strings; sourceTree = "<group>"; };
		2CE3268D176F29E800BAA1D4 /* TerminalTrackerTests.h */ = {isa = PBXFileReference; lastKnownFileType = sourcecode.c.h; path = TerminalTrackerTests.h; sourceTree = "<group>"; };
		2CE3268E176F29E800BAA1D4 /* TerminalTrackerTests.m */ = {isa = PBXFileReference; lastKnownFileType = sourcecode.c.objc; path = TerminalTrackerTests.m; sourceTree = "<group>"; };
		2CE3269F176F2F2C00BAA1D4 /* CoreData.framework */ = {isa = PBXFileReference; lastKnownFileType = wrapper.framework; name = CoreData.framework; path = System/Library/Frameworks/CoreData.framework; sourceTree = SDKROOT; };
		2CE326A1176F2F3500BAA1D4 /* CoreLocation.framework */ = {isa = PBXFileReference; lastKnownFileType = wrapper.framework; name = CoreLocation.framework; path = System/Library/Frameworks/CoreLocation.framework; sourceTree = SDKROOT; };
		2CE326A3176F2F3E00BAA1D4 /* MapKit.framework */ = {isa = PBXFileReference; lastKnownFileType = wrapper.framework; name = MapKit.framework; path = System/Library/Frameworks/MapKit.framework; sourceTree = SDKROOT; };
		2CE7E4C9179FC98800113A6A /* STTTtest.json */ = {isa = PBXFileReference; fileEncoding = 4; lastKnownFileType = text.json; path = STTTtest.json; sourceTree = "<group>"; };
		3F26E7DA269E4C8AB402C081 /* libPods.a */ = {isa = PBXFileReference; explicitFileType = archive.ar; includeInIndex = 0; path = libPods.a; sourceTree = BUILT_PRODUCTS_DIR; };
		4392549DDBDB9D663CB3C769 /* Pods.debug.xcconfig */ = {isa = PBXFileReference; includeInIndex = 1; lastKnownFileType = text.xcconfig; name = Pods.debug.xcconfig; path = "Pods/Target Support Files/Pods/Pods.debug.xcconfig"; sourceTree = "<group>"; };
		6B15A6A86E91FA14CF50E8E2 /* Pods.release.xcconfig */ = {isa = PBXFileReference; includeInIndex = 1; lastKnownFileType = text.xcconfig; name = Pods.release.xcconfig; path = "Pods/Target Support Files/Pods/Pods.release.xcconfig"; sourceTree = "<group>"; };
/* End PBXFileReference section */

/* Begin PBXFrameworksBuildPhase section */
		2CE32654176F29E800BAA1D4 /* Frameworks */ = {
			isa = PBXFrameworksBuildPhase;
			buildActionMask = 2147483647;
			files = (
				2C5617DB1C64D6C300EA463C /* AVFoundation.framework in Frameworks */,
				2CE326A4176F2F3E00BAA1D4 /* MapKit.framework in Frameworks */,
				2CE326A2176F2F3500BAA1D4 /* CoreLocation.framework in Frameworks */,
				2CE326A0176F2F2C00BAA1D4 /* CoreData.framework in Frameworks */,
				2CE3265B176F29E800BAA1D4 /* UIKit.framework in Frameworks */,
				2CE3265D176F29E800BAA1D4 /* Foundation.framework in Frameworks */,
				2CE3265F176F29E800BAA1D4 /* CoreGraphics.framework in Frameworks */,
				9E0575B8127B4EE5B37A6DF5 /* libPods.a in Frameworks */,
			);
			runOnlyForDeploymentPostprocessing = 0;
		};
		2CE3267C176F29E800BAA1D4 /* Frameworks */ = {
			isa = PBXFrameworksBuildPhase;
			buildActionMask = 2147483647;
			files = (
				2CE32683176F29E800BAA1D4 /* UIKit.framework in Frameworks */,
				2CE32684176F29E800BAA1D4 /* Foundation.framework in Frameworks */,
			);
			runOnlyForDeploymentPostprocessing = 0;
		};
/* End PBXFrameworksBuildPhase section */

/* Begin PBXGroup section */
		2CA06B081C4A8E5A00383AC9 /* Resources */ = {
			isa = PBXGroup;
			children = (
				2CA06B091C4A8E7300383AC9 /* Images */,
			);
			path = Resources;
			sourceTree = "<group>";
		};
		2CA06B091C4A8E7300383AC9 /* Images */ = {
			isa = PBXGroup;
			children = (
				2CA06B0A1C4A8E8C00383AC9 /* tele2.png */,
				2CA06B0B1C4A8E8C00383AC9 /* mts.png */,
				2CA06B0C1C4A8E8C00383AC9 /* megafon.png */,
				2CA06B0D1C4A8E8C00383AC9 /* beeline.png */,
				2CA06B0E1C4A8E8C00383AC9 /* unknown.png */,
			);
			path = Images;
			sourceTree = "<group>";
		};
		2CE3264E176F29E800BAA1D4 = {
			isa = PBXGroup;
			children = (
				2CE32660176F29E800BAA1D4 /* TerminalTracker */,
				2CE32687176F29E800BAA1D4 /* TerminalTrackerTests */,
				2CE32659176F29E800BAA1D4 /* Frameworks */,
				2CE32658176F29E800BAA1D4 /* Products */,
				6280BE6BE4E4782CF08B259B /* Pods */,
			);
			sourceTree = "<group>";
		};
		2CE32658176F29E800BAA1D4 /* Products */ = {
			isa = PBXGroup;
			children = (
				2CE32657176F29E800BAA1D4 /* TerminalTracker.app */,
				2CE32680176F29E800BAA1D4 /* TerminalTrackerTests.xctest */,
			);
			name = Products;
			sourceTree = "<group>";
		};
		2CE32659176F29E800BAA1D4 /* Frameworks */ = {
			isa = PBXGroup;
			children = (
				2C5617DA1C64D6C300EA463C /* AVFoundation.framework */,
				2CE326A3176F2F3E00BAA1D4 /* MapKit.framework */,
				2CE326A1176F2F3500BAA1D4 /* CoreLocation.framework */,
				2CE3269F176F2F2C00BAA1D4 /* CoreData.framework */,
				2CE3265A176F29E800BAA1D4 /* UIKit.framework */,
				2CE3265C176F29E800BAA1D4 /* Foundation.framework */,
				2CE3265E176F29E800BAA1D4 /* CoreGraphics.framework */,
				3F26E7DA269E4C8AB402C081 /* libPods.a */,
			);
			name = Frameworks;
			sourceTree = "<group>";
		};
		2CE32660176F29E800BAA1D4 /* TerminalTracker */ = {
			isa = PBXGroup;
			children = (
				2CA06B081C4A8E5A00383AC9 /* Resources */,
				2CE7E4C9179FC98800113A6A /* STTTtest.json */,
				2CE326A5176F2FED00BAA1D4 /* Data Model */,
				2CE32698176F2BB600BAA1D4 /* Classes */,
				2CE32669176F29E800BAA1D4 /* STAppDelegate.h */,
				2CE3266A176F29E800BAA1D4 /* STAppDelegate.m */,
				2CE32672176F29E800BAA1D4 /* STTTMainStoryboard_iPhone.storyboard */,
				2CE32675176F29E800BAA1D4 /* STTTMainStoryboard_iPad.storyboard */,
				2CE32661176F29E800BAA1D4 /* Supporting Files */,
			);
			path = TerminalTracker;
			sourceTree = "<group>";
		};
		2CE32661176F29E800BAA1D4 /* Supporting Files */ = {
			isa = PBXGroup;
			children = (
				2CE32662176F29E800BAA1D4 /* TerminalTracker-Info.plist */,
				2CE32663176F29E800BAA1D4 /* InfoPlist.strings */,
				2CE32666176F29E800BAA1D4 /* main.m */,
				2CE32668176F29E800BAA1D4 /* TerminalTracker-Prefix.pch */,
				2CE3266C176F29E800BAA1D4 /* Default.png */,
				2CE3266E176F29E800BAA1D4 /* Default@2x.png */,
				2CE32670176F29E800BAA1D4 /* Default-568h@2x.png */,
			);
			name = "Supporting Files";
			sourceTree = "<group>";
		};
		2CE32687176F29E800BAA1D4 /* TerminalTrackerTests */ = {
			isa = PBXGroup;
			children = (
				2CE3268D176F29E800BAA1D4 /* TerminalTrackerTests.h */,
				2CE3268E176F29E800BAA1D4 /* TerminalTrackerTests.m */,
				2CE32688176F29E800BAA1D4 /* Supporting Files */,
			);
			path = TerminalTrackerTests;
			sourceTree = "<group>";
		};
		2CE32688176F29E800BAA1D4 /* Supporting Files */ = {
			isa = PBXGroup;
			children = (
				2CE32689176F29E800BAA1D4 /* TerminalTrackerTests-Info.plist */,
				2CE3268A176F29E800BAA1D4 /* InfoPlist.strings */,
			);
			name = "Supporting Files";
			sourceTree = "<group>";
		};
		2CE32698176F2BB600BAA1D4 /* Classes */ = {
			isa = PBXGroup;
			children = (
				2CDDC6431C9D622400BFC7D2 /* STAgentTaskComponentService.h */,
				2CDDC6441C9D622400BFC7D2 /* STAgentTaskComponentService.m */,
				2CDDC6451C9D622400BFC7D2 /* STAgentTaskDefectCodeService.h */,
				2CDDC6461C9D622400BFC7D2 /* STAgentTaskDefectCodeService.m */,
				2CDDC6471C9D622400BFC7D2 /* STAgentTaskRepairCodeService.h */,
				2CDDC6481C9D622400BFC7D2 /* STAgentTaskRepairCodeService.m */,
				2CDDC6491C9D622400BFC7D2 /* STEditTaskComponentsTVC.h */,
				2CDDC64A1C9D622400BFC7D2 /* STEditTaskComponentsTVC.m */,
				2CDDC64B1C9D622400BFC7D2 /* STEditTaskDefectCodesTVC.h */,
				2CDDC64C1C9D622400BFC7D2 /* STEditTaskDefectCodesTVC.m */,
				2CDDC64D1C9D622400BFC7D2 /* STEditTaskRepairCodesTVC.h */,
				2CDDC64E1C9D622400BFC7D2 /* STEditTaskRepairCodesTVC.m */,
				2CDDC64F1C9D622400BFC7D2 /* STMBarCodeScanner.h */,
				2CDDC6501C9D622400BFC7D2 /* STMBarCodeScanner.m */,
				2CDDC6511C9D622400BFC7D2 /* STMBarCodeScannerDelegate.h */,
				2CDDC6521C9D622400BFC7D2 /* STTTAgentTask+cellcoloring.h */,
				2CDDC6531C9D622400BFC7D2 /* STTTAgentTask+cellcoloring.m */,
				2CDDC6541C9D622400BFC7D2 /* STTTAuthBasic.h */,
				2CDDC6551C9D622400BFC7D2 /* STTTAuthBasic.m */,
				2CDDC6561C9D622400BFC7D2 /* STTTCommentVC.h */,
				2CDDC6571C9D622400BFC7D2 /* STTTCommentVC.m */,
				2CDDC6581C9D622400BFC7D2 /* STTTComponentGroupTVC.h */,
				2CDDC6591C9D622400BFC7D2 /* STTTComponentGroupTVC.m */,
				2CDDC65A1C9D622400BFC7D2 /* STTTComponentsController.h */,
				2CDDC65B1C9D622400BFC7D2 /* STTTComponentsController.m */,
				2CDDC65C1C9D622400BFC7D2 /* STTTComponentsMovingVC.h */,
				2CDDC65D1C9D622400BFC7D2 /* STTTComponentsMovingVC.m */,
				2CDDC65E1C9D622400BFC7D2 /* STTTInfoCell.h */,
				2CDDC65F1C9D622400BFC7D2 /* STTTInfoCell.m */,
				2CDDC6601C9D622400BFC7D2 /* STTTInfoTVC.h */,
				2CDDC6611C9D622400BFC7D2 /* STTTInfoTVC.m */,
				2CDDC6621C9D622400BFC7D2 /* STTTLocationController.h */,
				2CDDC6631C9D622400BFC7D2 /* STTTLocationController.m */,
				2CDDC6641C9D622400BFC7D2 /* STTTMainNC.h */,
				2CDDC6651C9D622400BFC7D2 /* STTTMainNC.m */,
				2CDDC6661C9D622400BFC7D2 /* STTTMainTVC.h */,
				2CDDC6671C9D622400BFC7D2 /* STTTMainTVC.m */,
				2CDDC6681C9D622400BFC7D2 /* STTTMapAnnotation.h */,
				2CDDC6691C9D622400BFC7D2 /* STTTMapAnnotation.m */,
				2CDDC66A1C9D622400BFC7D2 /* STTTSettingsController.h */,
				2CDDC66B1C9D622400BFC7D2 /* STTTSettingsController.m */,
				2CDDC66C1C9D622400BFC7D2 /* STTTSubtitleTableViewCell.h */,
				2CDDC66D1C9D622400BFC7D2 /* STTTSubtitleTableViewCell.m */,
				2CDDC66E1C9D622400BFC7D2 /* STTTSyncer.h */,
				2CDDC66F1C9D622400BFC7D2 /* STTTSyncer.m */,
				2CDDC6701C9D622400BFC7D2 /* STTTTaskController.h */,
				2CDDC6711C9D622400BFC7D2 /* STTTTaskController.m */,
				2CDDC6721C9D622400BFC7D2 /* STTTTaskTVC.h */,
				2CDDC6731C9D622400BFC7D2 /* STTTTaskTVC.m */,
				2CDDC6741C9D622400BFC7D2 /* STTTTerminalController.h */,
				2CDDC6751C9D622400BFC7D2 /* STTTTerminalController.m */,
				2CDDC6761C9D622400BFC7D2 /* STTTTerminalTVC.h */,
				2CDDC6771C9D622400BFC7D2 /* STTTTerminalTVC.m */,
				2CDDC6781C9D622400BFC7D2 /* STUtilities.h */,
				2CDDC6791C9D622400BFC7D2 /* STUtilities.m */,
			);
			path = Classes;
			sourceTree = "<group>";
		};
		2CE326A5176F2FED00BAA1D4 /* Data Model */ = {
			isa = PBXGroup;
			children = (
				2CDDC61E1C9D61F600BFC7D2 /* STTTDataModel2.xcdatamodeld */,
				2CDDC5FE1C9D61F500BFC7D2 /* STTTAgentBarcodeType.h */,
				2CDDC5FF1C9D61F600BFC7D2 /* STTTAgentBarcodeType.m */,
				2CDDC6001C9D61F600BFC7D2 /* STTTAgentBarcodeType+CoreDataProperties.h */,
				2CDDC6011C9D61F600BFC7D2 /* STTTAgentBarcodeType+CoreDataProperties.m */,
				2CDDC6021C9D61F600BFC7D2 /* STTTAgentComponent.h */,
				2CDDC6031C9D61F600BFC7D2 /* STTTAgentComponent.m */,
				2CDDC6041C9D61F600BFC7D2 /* STTTAgentComponent+CoreDataProperties.h */,
				2CDDC6051C9D61F600BFC7D2 /* STTTAgentComponent+CoreDataProperties.m */,
				2CDDC6061C9D61F600BFC7D2 /* STTTAgentComponentGroup.h */,
				2CDDC6071C9D61F600BFC7D2 /* STTTAgentComponentGroup.m */,
				2CDDC6081C9D61F600BFC7D2 /* STTTAgentComponentGroup+CoreDataProperties.h */,
				2CDDC6091C9D61F600BFC7D2 /* STTTAgentComponentGroup+CoreDataProperties.m */,
				2CDDC60A1C9D61F600BFC7D2 /* STTTAgentDefectCode.h */,
				2CDDC60B1C9D61F600BFC7D2 /* STTTAgentDefectCode.m */,
				2CDDC60C1C9D61F600BFC7D2 /* STTTAgentRepairCode.h */,
				2CDDC60D1C9D61F600BFC7D2 /* STTTAgentRepairCode.m */,
				2CDDC60E1C9D61F600BFC7D2 /* STTTAgentTask.h */,
				2CDDC60F1C9D61F600BFC7D2 /* STTTAgentTask.m */,
				2CDDC6101C9D61F600BFC7D2 /* STTTAgentTask+CoreDataProperties.h */,
				2CDDC6111C9D61F600BFC7D2 /* STTTAgentTask+CoreDataProperties.m */,
				2CDDC6121C9D61F600BFC7D2 /* STTTAgentTaskComponent.h */,
				2CDDC6131C9D61F600BFC7D2 /* STTTAgentTaskComponent.m */,
				2CDDC6141C9D61F600BFC7D2 /* STTTAgentTaskComponent+CoreDataProperties.h */,
				2CDDC6151C9D61F600BFC7D2 /* STTTAgentTaskComponent+CoreDataProperties.m */,
				2CDDC6161C9D61F600BFC7D2 /* STTTAgentTaskDefect.h */,
				2CDDC6171C9D61F600BFC7D2 /* STTTAgentTaskDefect.m */,
				2CDDC6181C9D61F600BFC7D2 /* STTTAgentTaskRepair.h */,
				2CDDC6191C9D61F600BFC7D2 /* STTTAgentTaskRepair.m */,
				2CDDC61A1C9D61F600BFC7D2 /* STTTAgentTerminal.h */,
				2CDDC61B1C9D61F600BFC7D2 /* STTTAgentTerminal.m */,
				2CDDC61C1C9D61F600BFC7D2 /* STTTAgentTerminal+CoreDataProperties.h */,
				2CDDC61D1C9D61F600BFC7D2 /* STTTAgentTerminal+CoreDataProperties.m */,
				2CDDC62C1C9D61F600BFC7D2 /* STTTTaskLocation.h */,
				2CDDC62D1C9D61F600BFC7D2 /* STTTTaskLocation.m */,
				2CDDC62E1C9D61F600BFC7D2 /* STTTTerminalLocation.h */,
				2CDDC62F1C9D61F600BFC7D2 /* STTTTerminalLocation.m */,
			);
			path = "Data Model";
			sourceTree = "<group>";
		};
		6280BE6BE4E4782CF08B259B /* Pods */ = {
			isa = PBXGroup;
			children = (
				4392549DDBDB9D663CB3C769 /* Pods.debug.xcconfig */,
				6B15A6A86E91FA14CF50E8E2 /* Pods.release.xcconfig */,
			);
			name = Pods;
			sourceTree = "<group>";
		};
/* End PBXGroup section */

/* Begin PBXNativeTarget section */
		2CE32656176F29E800BAA1D4 /* TerminalTracker */ = {
			isa = PBXNativeTarget;
			buildConfigurationList = 2CE32692176F29E800BAA1D4 /* Build configuration list for PBXNativeTarget "TerminalTracker" */;
			buildPhases = (
				410042CE23AE4A69BDB9E668 /* Check Pods Manifest.lock */,
				2CE32653176F29E800BAA1D4 /* Sources */,
				2CE32654176F29E800BAA1D4 /* Frameworks */,
				2CE32655176F29E800BAA1D4 /* Resources */,
				810C1DE723164379BC6C6868 /* Copy Pods Resources */,
			);
			buildRules = (
			);
			dependencies = (
			);
			name = TerminalTracker;
			productName = TerminalTracker;
			productReference = 2CE32657176F29E800BAA1D4 /* TerminalTracker.app */;
			productType = "com.apple.product-type.application";
		};
		2CE3267F176F29E800BAA1D4 /* TerminalTrackerTests */ = {
			isa = PBXNativeTarget;
			buildConfigurationList = 2CE32695176F29E800BAA1D4 /* Build configuration list for PBXNativeTarget "TerminalTrackerTests" */;
			buildPhases = (
				2CE3267B176F29E800BAA1D4 /* Sources */,
				2CE3267C176F29E800BAA1D4 /* Frameworks */,
				2CE3267D176F29E800BAA1D4 /* Resources */,
				2CE3267E176F29E800BAA1D4 /* ShellScript */,
			);
			buildRules = (
			);
			dependencies = (
				2CE32686176F29E800BAA1D4 /* PBXTargetDependency */,
			);
			name = TerminalTrackerTests;
			productName = TerminalTrackerTests;
			productReference = 2CE32680176F29E800BAA1D4 /* TerminalTrackerTests.xctest */;
			productType = "com.apple.product-type.bundle.unit-test";
		};
/* End PBXNativeTarget section */

/* Begin PBXProject section */
		2CE3264F176F29E800BAA1D4 /* Project object */ = {
			isa = PBXProject;
			attributes = {
				CLASSPREFIX = ST;
				LastTestingUpgradeCheck = 0720;
				LastUpgradeCheck = 0700;
				ORGANIZATIONNAME = "Maxim Grigoriev";
				TargetAttributes = {
					2CE32656176F29E800BAA1D4 = {
						SystemCapabilities = {
							com.apple.BackgroundModes = {
								enabled = 1;
							};
						};
					};
				};
			};
			buildConfigurationList = 2CE32652176F29E800BAA1D4 /* Build configuration list for PBXProject "TerminalTracker" */;
			compatibilityVersion = "Xcode 3.2";
			developmentRegion = English;
			hasScannedForEncodings = 0;
			knownRegions = (
				en,
			);
			mainGroup = 2CE3264E176F29E800BAA1D4;
			productRefGroup = 2CE32658176F29E800BAA1D4 /* Products */;
			projectDirPath = "";
			projectRoot = "";
			targets = (
				2CE32656176F29E800BAA1D4 /* TerminalTracker */,
				2CE3267F176F29E800BAA1D4 /* TerminalTrackerTests */,
			);
		};
/* End PBXProject section */

/* Begin PBXResourcesBuildPhase section */
		2CE32655176F29E800BAA1D4 /* Resources */ = {
			isa = PBXResourcesBuildPhase;
			buildActionMask = 2147483647;
			files = (
				2CA06B0F1C4A8E8C00383AC9 /* tele2.png in Resources */,
				2CE32665176F29E800BAA1D4 /* InfoPlist.strings in Resources */,
				2CE3266D176F29E800BAA1D4 /* Default.png in Resources */,
				2CE3266F176F29E800BAA1D4 /* Default@2x.png in Resources */,
				2CA06B121C4A8E8C00383AC9 /* beeline.png in Resources */,
				2CE32671176F29E800BAA1D4 /* Default-568h@2x.png in Resources */,
				2CA06B131C4A8E8C00383AC9 /* unknown.png in Resources */,
				2CE32674176F29E800BAA1D4 /* STTTMainStoryboard_iPhone.storyboard in Resources */,
				2CA06B101C4A8E8C00383AC9 /* mts.png in Resources */,
				2CE32677176F29E800BAA1D4 /* STTTMainStoryboard_iPad.storyboard in Resources */,
				2CE7E4CA179FC98800113A6A /* STTTtest.json in Resources */,
				2CA06B111C4A8E8C00383AC9 /* megafon.png in Resources */,
			);
			runOnlyForDeploymentPostprocessing = 0;
		};
		2CE3267D176F29E800BAA1D4 /* Resources */ = {
			isa = PBXResourcesBuildPhase;
			buildActionMask = 2147483647;
			files = (
				2CE3268C176F29E800BAA1D4 /* InfoPlist.strings in Resources */,
			);
			runOnlyForDeploymentPostprocessing = 0;
		};
/* End PBXResourcesBuildPhase section */

/* Begin PBXShellScriptBuildPhase section */
		2CE3267E176F29E800BAA1D4 /* ShellScript */ = {
			isa = PBXShellScriptBuildPhase;
			buildActionMask = 2147483647;
			files = (
			);
			inputPaths = (
			);
			outputPaths = (
			);
			runOnlyForDeploymentPostprocessing = 0;
			shellPath = /bin/sh;
			shellScript = "# Run the unit tests in this test bundle.\n\"${SYSTEM_DEVELOPER_DIR}/Tools/RunUnitTests\"\n";
		};
		410042CE23AE4A69BDB9E668 /* Check Pods Manifest.lock */ = {
			isa = PBXShellScriptBuildPhase;
			buildActionMask = 2147483647;
			files = (
			);
			inputPaths = (
			);
			name = "Check Pods Manifest.lock";
			outputPaths = (
			);
			runOnlyForDeploymentPostprocessing = 0;
			shellPath = /bin/sh;
			shellScript = "diff \"${PODS_ROOT}/../Podfile.lock\" \"${PODS_ROOT}/Manifest.lock\" > /dev/null\nif [[ $? != 0 ]] ; then\n    cat << EOM\nerror: The sandbox is not in sync with the Podfile.lock. Run 'pod install' or update your CocoaPods installation.\nEOM\n    exit 1\nfi\n";
		};
		810C1DE723164379BC6C6868 /* Copy Pods Resources */ = {
			isa = PBXShellScriptBuildPhase;
			buildActionMask = 2147483647;
			files = (
			);
			inputPaths = (
			);
			name = "Copy Pods Resources";
			outputPaths = (
			);
			runOnlyForDeploymentPostprocessing = 0;
			shellPath = /bin/sh;
			shellScript = "\"${SRCROOT}/Pods/Target Support Files/Pods/Pods-resources.sh\"\n";
		};
/* End PBXShellScriptBuildPhase section */

/* Begin PBXSourcesBuildPhase section */
		2CE32653176F29E800BAA1D4 /* Sources */ = {
			isa = PBXSourcesBuildPhase;
			buildActionMask = 2147483647;
			files = (
				2CDDC6351C9D61F600BFC7D2 /* STTTAgentComponentGroup+CoreDataProperties.m in Sources */,
				2CDDC67E1C9D622400BFC7D2 /* STEditTaskDefectCodesTVC.m in Sources */,
				2CDDC67C1C9D622400BFC7D2 /* STAgentTaskRepairCodeService.m in Sources */,
				2CDDC6871C9D622400BFC7D2 /* STTTInfoCell.m in Sources */,
				2CE32667176F29E800BAA1D4 /* main.m in Sources */,
				2CDDC68D1C9D622400BFC7D2 /* STTTSettingsController.m in Sources */,
				2CDDC6921C9D622400BFC7D2 /* STTTTerminalController.m in Sources */,
				2CDDC67B1C9D622400BFC7D2 /* STAgentTaskDefectCodeService.m in Sources */,
				2CDDC68F1C9D622400BFC7D2 /* STTTSyncer.m in Sources */,
				2CDDC68C1C9D622400BFC7D2 /* STTTMapAnnotation.m in Sources */,
				2CDDC68B1C9D622400BFC7D2 /* STTTMainTVC.m in Sources */,
				2CDDC6341C9D61F600BFC7D2 /* STTTAgentComponentGroup.m in Sources */,
				2CDDC6321C9D61F600BFC7D2 /* STTTAgentComponent.m in Sources */,
				2CDDC6891C9D622400BFC7D2 /* STTTLocationController.m in Sources */,
				2CE3266B176F29E800BAA1D4 /* STAppDelegate.m in Sources */,
				2CDDC6911C9D622400BFC7D2 /* STTTTaskTVC.m in Sources */,
				2CDDC6401C9D61F600BFC7D2 /* STTTDataModel2.xcdatamodeld in Sources */,
				2CDDC67D1C9D622400BFC7D2 /* STEditTaskComponentsTVC.m in Sources */,
				2CDDC63E1C9D61F600BFC7D2 /* STTTAgentTerminal.m in Sources */,
				2CDDC63B1C9D61F600BFC7D2 /* STTTAgentTaskComponent+CoreDataProperties.m in Sources */,
				2CDDC6361C9D61F600BFC7D2 /* STTTAgentDefectCode.m in Sources */,
				2CDDC67A1C9D622400BFC7D2 /* STAgentTaskComponentService.m in Sources */,
				2CDDC6841C9D622400BFC7D2 /* STTTComponentGroupTVC.m in Sources */,
				2CDDC6861C9D622400BFC7D2 /* STTTComponentsMovingVC.m in Sources */,
				2CDDC6391C9D61F600BFC7D2 /* STTTAgentTask+CoreDataProperties.m in Sources */,
				2CDDC63C1C9D61F600BFC7D2 /* STTTAgentTaskDefect.m in Sources */,
				2CDDC67F1C9D622400BFC7D2 /* STEditTaskRepairCodesTVC.m in Sources */,
				2CDDC6331C9D61F600BFC7D2 /* STTTAgentComponent+CoreDataProperties.m in Sources */,
				2CDDC6851C9D622400BFC7D2 /* STTTComponentsController.m in Sources */,
				2CDDC63D1C9D61F600BFC7D2 /* STTTAgentTaskRepair.m in Sources */,
				2CDDC68A1C9D622400BFC7D2 /* STTTMainNC.m in Sources */,
				2CDDC6411C9D61F600BFC7D2 /* STTTTaskLocation.m in Sources */,
				2CDDC6421C9D61F600BFC7D2 /* STTTTerminalLocation.m in Sources */,
				2CDDC6381C9D61F600BFC7D2 /* STTTAgentTask.m in Sources */,
				2CDDC6311C9D61F600BFC7D2 /* STTTAgentBarcodeType+CoreDataProperties.m in Sources */,
				2CDDC6371C9D61F600BFC7D2 /* STTTAgentRepairCode.m in Sources */,
				2CDDC6881C9D622400BFC7D2 /* STTTInfoTVC.m in Sources */,
				2CDDC6931C9D622400BFC7D2 /* STTTTerminalTVC.m in Sources */,
				2CDDC68E1C9D622400BFC7D2 /* STTTSubtitleTableViewCell.m in Sources */,
				2CDDC6801C9D622400BFC7D2 /* STMBarCodeScanner.m in Sources */,
				2CDDC6901C9D622400BFC7D2 /* STTTTaskController.m in Sources */,
				2CDDC6821C9D622400BFC7D2 /* STTTAuthBasic.m in Sources */,
				2CDDC63F1C9D61F600BFC7D2 /* STTTAgentTerminal+CoreDataProperties.m in Sources */,
				2CDDC6941C9D622400BFC7D2 /* STUtilities.m in Sources */,
				2CDDC6811C9D622400BFC7D2 /* STTTAgentTask+cellcoloring.m in Sources */,
				2CDDC63A1C9D61F600BFC7D2 /* STTTAgentTaskComponent.m in Sources */,
				2CDDC6301C9D61F600BFC7D2 /* STTTAgentBarcodeType.m in Sources */,
				2CDDC6831C9D622400BFC7D2 /* STTTCommentVC.m in Sources */,
			);
			runOnlyForDeploymentPostprocessing = 0;
		};
		2CE3267B176F29E800BAA1D4 /* Sources */ = {
			isa = PBXSourcesBuildPhase;
			buildActionMask = 2147483647;
			files = (
				2CE3268F176F29E800BAA1D4 /* TerminalTrackerTests.m in Sources */,
			);
			runOnlyForDeploymentPostprocessing = 0;
		};
/* End PBXSourcesBuildPhase section */

/* Begin PBXTargetDependency section */
		2CE32686176F29E800BAA1D4 /* PBXTargetDependency */ = {
			isa = PBXTargetDependency;
			target = 2CE32656176F29E800BAA1D4 /* TerminalTracker */;
			targetProxy = 2CE32685176F29E800BAA1D4 /* PBXContainerItemProxy */;
		};
/* End PBXTargetDependency section */

/* Begin PBXVariantGroup section */
		2CE32663176F29E800BAA1D4 /* InfoPlist.strings */ = {
			isa = PBXVariantGroup;
			children = (
				2CE32664176F29E800BAA1D4 /* en */,
			);
			name = InfoPlist.strings;
			sourceTree = "<group>";
		};
		2CE32672176F29E800BAA1D4 /* STTTMainStoryboard_iPhone.storyboard */ = {
			isa = PBXVariantGroup;
			children = (
				2CE32673176F29E800BAA1D4 /* en */,
			);
			name = STTTMainStoryboard_iPhone.storyboard;
			sourceTree = "<group>";
		};
		2CE32675176F29E800BAA1D4 /* STTTMainStoryboard_iPad.storyboard */ = {
			isa = PBXVariantGroup;
			children = (
				2CE32676176F29E800BAA1D4 /* en */,
			);
			name = STTTMainStoryboard_iPad.storyboard;
			sourceTree = "<group>";
		};
		2CE3268A176F29E800BAA1D4 /* InfoPlist.strings */ = {
			isa = PBXVariantGroup;
			children = (
				2CE3268B176F29E800BAA1D4 /* en */,
			);
			name = InfoPlist.strings;
			sourceTree = "<group>";
		};
/* End PBXVariantGroup section */

/* Begin XCBuildConfiguration section */
		2CE32690176F29E800BAA1D4 /* Debug */ = {
			isa = XCBuildConfiguration;
			buildSettings = {
				ALWAYS_SEARCH_USER_PATHS = NO;
				CLANG_CXX_LANGUAGE_STANDARD = "gnu++0x";
				CLANG_CXX_LIBRARY = "libc++";
				CLANG_ENABLE_OBJC_ARC = YES;
				CLANG_WARN_CONSTANT_CONVERSION = YES;
				CLANG_WARN_EMPTY_BODY = YES;
				CLANG_WARN_ENUM_CONVERSION = YES;
				CLANG_WARN_INT_CONVERSION = YES;
				CLANG_WARN__DUPLICATE_METHOD_MATCH = YES;
				"CODE_SIGN_IDENTITY[sdk=iphoneos*]" = "iPhone Developer";
				COPY_PHASE_STRIP = NO;
				ENABLE_TESTABILITY = YES;
				GCC_C_LANGUAGE_STANDARD = gnu99;
				GCC_DYNAMIC_NO_PIC = NO;
				GCC_OPTIMIZATION_LEVEL = 0;
				GCC_PREPROCESSOR_DEFINITIONS = (
					"DEBUG=1",
					"$(inherited)",
				);
				GCC_SYMBOLS_PRIVATE_EXTERN = NO;
				GCC_WARN_ABOUT_RETURN_TYPE = YES;
				GCC_WARN_UNINITIALIZED_AUTOS = YES;
				GCC_WARN_UNUSED_VARIABLE = YES;
				IPHONEOS_DEPLOYMENT_TARGET = 6.1;
				ONLY_ACTIVE_ARCH = YES;
				SDKROOT = iphoneos;
				TARGETED_DEVICE_FAMILY = "1,2";
			};
			name = Debug;
		};
		2CE32691176F29E800BAA1D4 /* Release */ = {
			isa = XCBuildConfiguration;
			buildSettings = {
				ALWAYS_SEARCH_USER_PATHS = NO;
				CLANG_CXX_LANGUAGE_STANDARD = "gnu++0x";
				CLANG_CXX_LIBRARY = "libc++";
				CLANG_ENABLE_OBJC_ARC = YES;
				CLANG_WARN_CONSTANT_CONVERSION = YES;
				CLANG_WARN_EMPTY_BODY = YES;
				CLANG_WARN_ENUM_CONVERSION = YES;
				CLANG_WARN_INT_CONVERSION = YES;
				CLANG_WARN__DUPLICATE_METHOD_MATCH = YES;
				"CODE_SIGN_IDENTITY[sdk=iphoneos*]" = "iPhone Developer";
				COPY_PHASE_STRIP = YES;
				GCC_C_LANGUAGE_STANDARD = gnu99;
				GCC_WARN_ABOUT_RETURN_TYPE = YES;
				GCC_WARN_UNINITIALIZED_AUTOS = YES;
				GCC_WARN_UNUSED_VARIABLE = YES;
				IPHONEOS_DEPLOYMENT_TARGET = 6.1;
				OTHER_CFLAGS = "-DNS_BLOCK_ASSERTIONS=1";
				SDKROOT = iphoneos;
				TARGETED_DEVICE_FAMILY = "1,2";
				VALIDATE_PRODUCT = YES;
			};
			name = Release;
		};
		2CE32693176F29E800BAA1D4 /* Debug */ = {
			isa = XCBuildConfiguration;
			baseConfigurationReference = 4392549DDBDB9D663CB3C769 /* Pods.debug.xcconfig */;
			buildSettings = {
				GCC_PRECOMPILE_PREFIX_HEADER = YES;
				GCC_PREFIX_HEADER = "TerminalTracker/TerminalTracker-Prefix.pch";
				INFOPLIST_FILE = "TerminalTracker/TerminalTracker-Info.plist";
				IPHONEOS_DEPLOYMENT_TARGET = 7.0;
				PRODUCT_BUNDLE_IDENTIFIER = "net.unact.ios.${PRODUCT_NAME:rfc1034identifier}";
				PRODUCT_NAME = "$(TARGET_NAME)";
				WRAPPER_EXTENSION = app;
			};
			name = Debug;
		};
		2CE32694176F29E800BAA1D4 /* Release */ = {
			isa = XCBuildConfiguration;
			baseConfigurationReference = 6B15A6A86E91FA14CF50E8E2 /* Pods.release.xcconfig */;
			buildSettings = {
				GCC_PRECOMPILE_PREFIX_HEADER = YES;
				GCC_PREFIX_HEADER = "TerminalTracker/TerminalTracker-Prefix.pch";
				INFOPLIST_FILE = "TerminalTracker/TerminalTracker-Info.plist";
				IPHONEOS_DEPLOYMENT_TARGET = 7.0;
				PRODUCT_BUNDLE_IDENTIFIER = "net.unact.ios.${PRODUCT_NAME:rfc1034identifier}";
				PRODUCT_NAME = "$(TARGET_NAME)";
				WRAPPER_EXTENSION = app;
			};
			name = Release;
		};
		2CE32696176F29E800BAA1D4 /* Debug */ = {
			isa = XCBuildConfiguration;
			buildSettings = {
				BUNDLE_LOADER = "$(BUILT_PRODUCTS_DIR)/TerminalTracker.app/TerminalTracker";
				FRAMEWORK_SEARCH_PATHS = (
					"\"$(SDKROOT)/Developer/Library/Frameworks\"",
					"\"$(DEVELOPER_LIBRARY_DIR)/Frameworks\"",
					"$(inherited)",
				);
				GCC_PRECOMPILE_PREFIX_HEADER = YES;
				GCC_PREFIX_HEADER = "TerminalTracker/TerminalTracker-Prefix.pch";
				INFOPLIST_FILE = "TerminalTrackerTests/TerminalTrackerTests-Info.plist";
				PRODUCT_BUNDLE_IDENTIFIER = "grigoriev.maxim-gmail.com.${PRODUCT_NAME:rfc1034identifier}";
				PRODUCT_NAME = "$(TARGET_NAME)";
				TEST_HOST = "$(BUNDLE_LOADER)";
			};
			name = Debug;
		};
		2CE32697176F29E800BAA1D4 /* Release */ = {
			isa = XCBuildConfiguration;
			buildSettings = {
				BUNDLE_LOADER = "$(BUILT_PRODUCTS_DIR)/TerminalTracker.app/TerminalTracker";
				FRAMEWORK_SEARCH_PATHS = (
					"\"$(SDKROOT)/Developer/Library/Frameworks\"",
					"\"$(DEVELOPER_LIBRARY_DIR)/Frameworks\"",
					"$(inherited)",
				);
				GCC_PRECOMPILE_PREFIX_HEADER = YES;
				GCC_PREFIX_HEADER = "TerminalTracker/TerminalTracker-Prefix.pch";
				INFOPLIST_FILE = "TerminalTrackerTests/TerminalTrackerTests-Info.plist";
				PRODUCT_BUNDLE_IDENTIFIER = "grigoriev.maxim-gmail.com.${PRODUCT_NAME:rfc1034identifier}";
				PRODUCT_NAME = "$(TARGET_NAME)";
				TEST_HOST = "$(BUNDLE_LOADER)";
			};
			name = Release;
		};
/* End XCBuildConfiguration section */

/* Begin XCConfigurationList section */
		2CE32652176F29E800BAA1D4 /* Build configuration list for PBXProject "TerminalTracker" */ = {
			isa = XCConfigurationList;
			buildConfigurations = (
				2CE32690176F29E800BAA1D4 /* Debug */,
				2CE32691176F29E800BAA1D4 /* Release */,
			);
			defaultConfigurationIsVisible = 0;
			defaultConfigurationName = Release;
		};
		2CE32692176F29E800BAA1D4 /* Build configuration list for PBXNativeTarget "TerminalTracker" */ = {
			isa = XCConfigurationList;
			buildConfigurations = (
				2CE32693176F29E800BAA1D4 /* Debug */,
				2CE32694176F29E800BAA1D4 /* Release */,
			);
			defaultConfigurationIsVisible = 0;
			defaultConfigurationName = Release;
		};
		2CE32695176F29E800BAA1D4 /* Build configuration list for PBXNativeTarget "TerminalTrackerTests" */ = {
			isa = XCConfigurationList;
			buildConfigurations = (
				2CE32696176F29E800BAA1D4 /* Debug */,
				2CE32697176F29E800BAA1D4 /* Release */,
			);
			defaultConfigurationIsVisible = 0;
			defaultConfigurationName = Release;
		};
/* End XCConfigurationList section */

/* Begin XCVersionGroup section */
		2CDDC61E1C9D61F600BFC7D2 /* STTTDataModel2.xcdatamodeld */ = {
			isa = XCVersionGroup;
			children = (
				2CDDC61F1C9D61F600BFC7D2 /* STTTDataModel 10.xcdatamodel */,
				2CDDC6201C9D61F600BFC7D2 /* STTTDataModel 11.xcdatamodel */,
				2CDDC6211C9D61F600BFC7D2 /* STTTDataModel 12.xcdatamodel */,
				2CDDC6221C9D61F600BFC7D2 /* STTTDataModel 13.xcdatamodel */,
				2CDDC6231C9D61F600BFC7D2 /* STTTDataModel 2.xcdatamodel */,
				2CDDC6241C9D61F600BFC7D2 /* STTTDataModel 3.xcdatamodel */,
				2CDDC6251C9D61F600BFC7D2 /* STTTDataModel 4.xcdatamodel */,
				2CDDC6261C9D61F600BFC7D2 /* STTTDataModel 5.xcdatamodel */,
				2CDDC6271C9D61F600BFC7D2 /* STTTDataModel 6.xcdatamodel */,
				2CDDC6281C9D61F600BFC7D2 /* STTTDataModel 7.xcdatamodel */,
				2CDDC6291C9D61F600BFC7D2 /* STTTDataModel 8.xcdatamodel */,
				2CDDC62A1C9D61F600BFC7D2 /* STTTDataModel 9.xcdatamodel */,
				2CDDC62B1C9D61F600BFC7D2 /* STTTDataModel.xcdatamodel */,
			);
			currentVersion = 2CDDC6221C9D61F600BFC7D2 /* STTTDataModel 13.xcdatamodel */;
			path = STTTDataModel2.xcdatamodeld;
			sourceTree = "<group>";
			versionGroupType = wrapper.xcdatamodel;
		};
/* End XCVersionGroup section */
	};
	rootObject = 2CE3264F176F29E800BAA1D4 /* Project object */;
}
